
Microsoft Visual Studio Solution File, Format Version 12.00
# Visual Studio 15
VisualStudioVersion = 15.0.28307.136
MinimumVisualStudioVersion = 10.0.40219.1
Project("{FAE04EC0-301F-11D3-BF4B-00C04F79EFBC}") = "Javascript_Patterns", "Javascript_Patterns\Javascript_Patterns.csproj", "{E31F91CA-A090-4DBA-BD4C-5A30F3B81DE1}"
EndProject
Global
	GlobalSection(SolutionConfigurationPlatforms) = preSolution
		Debug|Any CPU = Debug|Any CPU
		Release|Any CPU = Release|Any CPU
	EndGlobalSection
	GlobalSection(ProjectConfigurationPlatforms) = postSolution
		{E31F91CA-A090-4DBA-BD4C-5A30F3B81DE1}.Debug|Any CPU.ActiveCfg = Debug|Any CPU
		{E31F91CA-A090-4DBA-BD4C-5A30F3B81DE1}.Debug|Any CPU.Build.0 = Debug|Any CPU
		{E31F91CA-A090-4DBA-BD4C-5A30F3B81DE1}.Release|Any CPU.ActiveCfg = Release|Any CPU
		{E31F91CA-A090-4DBA-BD4C-5A30F3B81DE1}.Release|Any CPU.Build.0 = Release|Any CPU
	EndGlobalSection
	GlobalSection(SolutionProperties) = preSolution
		HideSolutionNode = FALSE
	EndGlobalSection
	GlobalSection(ExtensibilityGlobals) = postSolution
		SolutionGuid = {A922159F-A7AB-481B-89CE-A015CFC00C8C}
	EndGlobalSection
EndGlobal
